lockfileVersion: '9.0'

settings:
  autoInstallPeers: true
  excludeLinksFromLockfile: false

importers:

  .:
    dependencies:
      node-sql-parser:
        specifier: ^5.3.9
        version: 5.3.9
    devDependencies:
      '@types/node':
        specifier: ^22.15.21
        version: 22.15.21
      typescript:
        specifier: ^5.8.3
        version: 5.8.3

packages:

  '@types/node@22.15.21':
    resolution: {integrity: sha512-EV/37Td6c+MgKAbkcLG6vqZ2zEYHD7bvSrzqqs2RIhbA6w3x+Dqz8MZM3sP6kGTeLrdoOgKZe+Xja7tUB2DNkQ==}

  '@types/pegjs@0.10.6':
    resolution: {integrity: sha512-eLYXDbZWXh2uxf+w8sXS8d6KSoXTswfps6fvCUuVAGN8eRpfe7h9eSRydxiSJvo9Bf+GzifsDOr9TMQlmJdmkw==}

  big-integer@1.6.52:
    resolution: {integrity: sha512-QxD8cf2eVqJOOz63z6JIN9BzvVs/dlySa5HGSBH5xtR8dPteIRQnBxxKqkNTiT6jbDTF6jAfrd4oMcND9RGbQg==}
    engines: {node: '>=0.6'}

  node-sql-parser@5.3.9:
    resolution: {integrity: sha512-yJuCNCUWqS296krMKooLIJcZy+Q0OL6ZsNDxrwqj+HdGMHVT0ChPIFF1vqCexDe51VWKEwhU65OgvKyiyRcQLg==}
    engines: {node: '>=8'}

  typescript@5.8.3:
    resolution: {integrity: sha512-p1diW6TqL9L07nNxvRMM7hMMw4c5XOo/1ibL4aAIGmSAt9slTE1Xgw5KWuof2uTOvCg9BY7ZRi+GaF+7sfgPeQ==}
    engines: {node: '>=14.17'}
    hasBin: true

  undici-types@6.21.0:
    resolution: {integrity: sha512-iwDZqg0QAGrg9Rav5H4n0M64c3mkR59cJ6wQp+7C4nI0gsmExaedaYLNO44eT4AtBBwjbTiGPMlt2Md0T9H9JQ==}

snapshots:

  '@types/node@22.15.21':
    dependencies:
      undici-types: 6.21.0

  '@types/pegjs@0.10.6': {}

  big-integer@1.6.52: {}

  node-sql-parser@5.3.9:
    dependencies:
      '@types/pegjs': 0.10.6
      big-integer: 1.6.52

  typescript@5.8.3: {}

  undici-types@6.21.0: {}
